PODS:
  - DHPasscodeManager (0.9.5):
    - ReactiveCocoa (= 2.3.1)
    - SSKeychain
  - ReactiveCocoa (2.3.1):
    - ReactiveCocoa/UI (= 2.3.1)
  - ReactiveCocoa/Core (2.3.1):
    - ReactiveCocoa/no-arc
  - ReactiveCocoa/no-arc (2.3.1)
  - ReactiveCocoa/UI (2.3.1):
    - ReactiveCocoa/Core
  - SSKeychain (1.2.3)

DEPENDENCIES:
  - DHPasscodeManager (from `../`)

EXTERNAL SOURCES:
  DHPasscodeManager:
    :path: ../

SPEC CHECKSUMS:
  DHPasscodeManager: a013d10eb82e5d1378d05411794dc8e2b7d0ac67
  ReactiveCocoa: 334468a83b2c5f669f7cfb9a084415ee23219b4f
  SSKeychain: 3f42991739c6c60a9cf1bbd4dff6c0d3694bcf3d

COCOAPODS: 0.38.2
