PODS:
  - DHPasscodeManager (0.9.6):
    - ReactiveCocoa (= 2.3.1)
    - SAMKeychain
  - ReactiveCocoa (2.3.1):
    - ReactiveCocoa/UI (= 2.3.1)
  - ReactiveCocoa/Core (2.3.1):
    - ReactiveCocoa/no-arc
  - ReactiveCocoa/no-arc (2.3.1)
  - ReactiveCocoa/UI (2.3.1):
    - ReactiveCocoa/Core
  - SAMKeychain (1.5.1)

DEPENDENCIES:
  - DHPasscodeManager (from `../`)

EXTERNAL SOURCES:
  DHPasscodeManager:
    :path: ../

SPEC CHECKSUMS:
  DHPasscodeManager: 7fa77c0799d90a1cc7f597cba8fd2520f2860327
  ReactiveCocoa: 3fe9b233ca6db810e86681b5749488564c1179a1
  SAMKeychain: 6b04852a20684167aea97bdf8ba12c95d3616376

PODFILE CHECKSUM: 575c84c39968aacf1fc00c4432c80b2016c62f42

COCOAPODS: 1.0.1
