PODS:
  - DHPasscodeManager (0.9.0):
    - DHPasscodeManager/Core (= 0.9.0)
  - DHPasscodeManager/Core (0.9.0):
    - ReactiveCocoa
    - SSKeychain
  - ReactiveCocoa (2.3.1):
    - ReactiveCocoa/UI (= 2.3.1)
  - ReactiveCocoa/Core (2.3.1):
    - ReactiveCocoa/no-arc
  - ReactiveCocoa/no-arc (2.3.1)
  - ReactiveCocoa/UI (2.3.1):
    - ReactiveCocoa/Core
  - SSKeychain (1.2.2)

DEPENDENCIES:
  - DHPasscodeManager (from `../`)

EXTERNAL SOURCES:
  DHPasscodeManager:
    :path: ../

SPEC CHECKSUMS:
  DHPasscodeManager: 40aa715df4795c8c25c8abb59f84fde55dc75286
  ReactiveCocoa: dca75777b9d18990c8714a3a6f2149f29b4d1462
  SSKeychain: cc48bd3ad24fcd9125adb9e0d23dd50b8bbd08b9

COCOAPODS: 0.35.0.rc2
